// !$*UTF8*$!
{
	archiveVersion = 1;
	classes = {
	};
	objectVersion = 46;
	objects = {

/* Begin PBXBuildFile section */
		3B524A391CDE552B00FE8567 /* YzHomeSectionModel.m in Sources */ = {isa = PBXBuildFile; fileRef = 3B524A381CDE552B00FE8567 /* YzHomeSectionModel.m */; };
		3B685CD11CD74ACB000290C1 /* YzLeftViewController.m in Sources */ = {isa = PBXBuildFile; fileRef = 3B685CCE1CD74ACB000290C1 /* YzLeftViewController.m */; };
		3B685CD21CD74ACB000290C1 /* YzLeftViewController.xib in Resources */ = {isa = PBXBuildFile; fileRef = 3B685CCF1CD74ACB000290C1 /* YzLeftViewController.xib */; };
		3B685CDA1CD74AE1000290C1 /* YzHomeViewController.m in Sources */ = {isa = PBXBuildFile; fileRef = 3B685CD71CD74AE1000290C1 /* YzHomeViewController.m */; };
		3B685CDB1CD74AE1000290C1 /* YzHomeViewController.xib in Resources */ = {isa = PBXBuildFile; fileRef = 3B685CD81CD74AE1000290C1 /* YzHomeViewController.xib */; };
		3B685D1E1CD8F07D000290C1 /* YzCustomNavView.m in Sources */ = {isa = PBXBuildFile; fileRef = 3B685D1D1CD8F07D000290C1 /* YzCustomNavView.m */; };
		3B685D221CD8F6BE000290C1 /* YzCustomNavView.xib in Resources */ = {isa = PBXBuildFile; fileRef = 3B685D211CD8F6BE000290C1 /* YzCustomNavView.xib */; };
		3B685D251CDCF8A6000290C1 /* YzHomeViewDataProvider.m in Sources */ = {isa = PBXBuildFile; fileRef = 3B685D241CDCF8A6000290C1 /* YzHomeViewDataProvider.m */; };
		3B685D281CDCF8FD000290C1 /* YzHomeStoryModel.m in Sources */ = {isa = PBXBuildFile; fileRef = 3B685D271CDCF8FD000290C1 /* YzHomeStoryModel.m */; };
		3B685D2C1CDCF921000290C1 /* YzHomeTableViewCell.m in Sources */ = {isa = PBXBuildFile; fileRef = 3B685D2A1CDCF921000290C1 /* YzHomeTableViewCell.m */; };
		3B685D2D1CDCF921000290C1 /* YzHomeTableViewCell.xib in Resources */ = {isa = PBXBuildFile; fileRef = 3B685D2B1CDCF921000290C1 /* YzHomeTableViewCell.xib */; };
		3B81A69A1CCCD60A000AE377 /* Default@2x.png in Resources */ = {isa = PBXBuildFile; fileRef = 3B81A6991CCCD60A000AE377 /* Default@2x.png */; };
		3BB756901CDF4E9B00B410C8 /* YzHomeTopStoriesView.m in Sources */ = {isa = PBXBuildFile; fileRef = 3BB7568F1CDF4E9B00B410C8 /* YzHomeTopStoriesView.m */; };
		3BED77341CC925EA00770074 /* UIView+Extension.m in Sources */ = {isa = PBXBuildFile; fileRef = 3BED772F1CC925EA00770074 /* UIView+Extension.m */; };
		3BED77351CC925EA00770074 /* YzHttpOperation.m in Sources */ = {isa = PBXBuildFile; fileRef = 3BED77321CC925EA00770074 /* YzHttpOperation.m */; };
		3BED77391CCB78DB00770074 /* YzDrawerViewController.m in Sources */ = {isa = PBXBuildFile; fileRef = 3BED77381CCB78DB00770074 /* YzDrawerViewController.m */; };
		3BEF37121CA5826800DF219F /* main.m in Sources */ = {isa = PBXBuildFile; fileRef = 3BEF37111CA5826800DF219F /* main.m */; };
		3BEF37151CA5826800DF219F /* YzAppDelegate.m in Sources */ = {isa = PBXBuildFile; fileRef = 3BEF37141CA5826800DF219F /* YzAppDelegate.m */; };
		3BEF371B1CA5826800DF219F /* Main.storyboard in Resources */ = {isa = PBXBuildFile; fileRef = 3BEF37191CA5826800DF219F /* Main.storyboard */; };
		3BEF371D1CA5826800DF219F /* Assets.xcassets in Resources */ = {isa = PBXBuildFile; fileRef = 3BEF371C1CA5826800DF219F /* Assets.xcassets */; };
		3BEF37201CA5826800DF219F /* LaunchScreen.storyboard in Resources */ = {isa = PBXBuildFile; fileRef = 3BEF371E1CA5826800DF219F /* LaunchScreen.storyboard */; };
		3BEF372B1CA5826800DF219F /* DailyTreasureTests.m in Sources */ = {isa = PBXBuildFile; fileRef = 3BEF372A1CA5826800DF219F /* DailyTreasureTests.m */; };
		3BEF37361CA5826800DF219F /* DailyTreasureUITests.m in Sources */ = {isa = PBXBuildFile; fileRef = 3BEF37351CA5826800DF219F /* DailyTreasureUITests.m */; };
		90B441C6CFECDB186638C299 /* Pods_DailyTreasure.framework in Frameworks */ = {isa = PBXBuildFile; fileRef = D41AB6A2D68A63B2366C732D /* Pods_DailyTreasure.framework */; };
/* End PBXBuildFile section */

/* Begin PBXContainerItemProxy section */
		3BEF37271CA5826800DF219F /* PBXContainerItemProxy */ = {
			isa = PBXContainerItemProxy;
			containerPortal = 3BEF37051CA5826800DF219F /* Project object */;
			proxyType = 1;
			remoteGlobalIDString = 3BEF370C1CA5826800DF219F;
			remoteInfo = DailyTreasure;
		};
		3BEF37321CA5826800DF219F /* PBXContainerItemProxy */ = {
			isa = PBXContainerItemProxy;
			containerPortal = 3BEF37051CA5826800DF219F /* Project object */;
			proxyType = 1;
			remoteGlobalIDString = 3BEF370C1CA5826800DF219F;
			remoteInfo = DailyTreasure;
		};
/* End PBXContainerItemProxy section */

/* Begin PBXFileReference section */
		3B524A371CDE552B00FE8567 /* YzHomeSectionModel.h */ = {isa = PBXFileReference; fileEncoding = 4; lastKnownFileType = sourcecode.c.h; path = YzHomeSectionModel.h; sourceTree = "<group>"; };
		3B524A381CDE552B00FE8567 /* YzHomeSectionModel.m */ = {isa = PBXFileReference; fileEncoding = 4; lastKnownFileType = sourcecode.c.objc; path = YzHomeSectionModel.m; sourceTree = "<group>"; };
		3B685CCD1CD74ACB000290C1 /* YzLeftViewController.h */ = {isa = PBXFileReference; fileEncoding = 4; lastKnownFileType = sourcecode.c.h; path = YzLeftViewController.h; sourceTree = "<group>"; };
		3B685CCE1CD74ACB000290C1 /* YzLeftViewController.m */ = {isa = PBXFileReference; fileEncoding = 4; lastKnownFileType = sourcecode.c.objc; path = YzLeftViewController.m; sourceTree = "<group>"; };
		3B685CCF1CD74ACB000290C1 /* YzLeftViewController.xib */ = {isa = PBXFileReference; fileEncoding = 4; lastKnownFileType = file.xib; path = YzLeftViewController.xib; sourceTree = "<group>"; };
		3B685CD61CD74AE1000290C1 /* YzHomeViewController.h */ = {isa = PBXFileReference; fileEncoding = 4; lastKnownFileType = sourcecode.c.h; path = YzHomeViewController.h; sourceTree = "<group>"; };
		3B685CD71CD74AE1000290C1 /* YzHomeViewController.m */ = {isa = PBXFileReference; fileEncoding = 4; lastKnownFileType = sourcecode.c.objc; path = YzHomeViewController.m; sourceTree = "<group>"; };
		3B685CD81CD74AE1000290C1 /* YzHomeViewController.xib */ = {isa = PBXFileReference; fileEncoding = 4; lastKnownFileType = file.xib; path = YzHomeViewController.xib; sourceTree = "<group>"; };
		3B685D1B1CD79E83000290C1 /* YzDefineHeader.h */ = {isa = PBXFileReference; lastKnownFileType = sourcecode.c.h; path = YzDefineHeader.h; sourceTree = "<group>"; };
		3B685D1C1CD8F07D000290C1 /* YzCustomNavView.h */ = {isa = PBXFileReference; fileEncoding = 4; lastKnownFileType = sourcecode.c.h; path = YzCustomNavView.h; sourceTree = "<group>"; };
		3B685D1D1CD8F07D000290C1 /* YzCustomNavView.m */ = {isa = PBXFileReference; fileEncoding = 4; lastKnownFileType = sourcecode.c.objc; path = YzCustomNavView.m; sourceTree = "<group>"; };
		3B685D211CD8F6BE000290C1 /* YzCustomNavView.xib */ = {isa = PBXFileReference; fileEncoding = 4; lastKnownFileType = file.xib; path = YzCustomNavView.xib; sourceTree = "<group>"; };
		3B685D231CDCF8A6000290C1 /* YzHomeViewDataProvider.h */ = {isa = PBXFileReference; fileEncoding = 4; lastKnownFileType = sourcecode.c.h; path = YzHomeViewDataProvider.h; sourceTree = "<group>"; };
		3B685D241CDCF8A6000290C1 /* YzHomeViewDataProvider.m */ = {isa = PBXFileReference; fileEncoding = 4; lastKnownFileType = sourcecode.c.objc; path = YzHomeViewDataProvider.m; sourceTree = "<group>"; };
		3B685D261CDCF8FD000290C1 /* YzHomeStoryModel.h */ = {isa = PBXFileReference; fileEncoding = 4; lastKnownFileType = sourcecode.c.h; path = YzHomeStoryModel.h; sourceTree = "<group>"; };
		3B685D271CDCF8FD000290C1 /* YzHomeStoryModel.m */ = {isa = PBXFileReference; fileEncoding = 4; lastKnownFileType = sourcecode.c.objc; path = YzHomeStoryModel.m; sourceTree = "<group>"; };
		3B685D291CDCF921000290C1 /* YzHomeTableViewCell.h */ = {isa = PBXFileReference; fileEncoding = 4; lastKnownFileType = sourcecode.c.h; path = YzHomeTableViewCell.h; sourceTree = "<group>"; };
		3B685D2A1CDCF921000290C1 /* YzHomeTableViewCell.m */ = {isa = PBXFileReference; fileEncoding = 4; lastKnownFileType = sourcecode.c.objc; path = YzHomeTableViewCell.m; sourceTree = "<group>"; };
		3B685D2B1CDCF921000290C1 /* YzHomeTableViewCell.xib */ = {isa = PBXFileReference; fileEncoding = 4; lastKnownFileType = file.xib; path = YzHomeTableViewCell.xib; sourceTree = "<group>"; };
		3B81A6991CCCD60A000AE377 /* Default@2x.png */ = {isa = PBXFileReference; lastKnownFileType = image.png; path = "Default@2x.png"; sourceTree = "<group>"; };
		3BB7568E1CDF4E9B00B410C8 /* YzHomeTopStoriesView.h */ = {isa = PBXFileReference; fileEncoding = 4; lastKnownFileType = sourcecode.c.h; path = YzHomeTopStoriesView.h; sourceTree = "<group>"; };
		3BB7568F1CDF4E9B00B410C8 /* YzHomeTopStoriesView.m */ = {isa = PBXFileReference; fileEncoding = 4; lastKnownFileType = sourcecode.c.objc; path = YzHomeTopStoriesView.m; sourceTree = "<group>"; };
		3BED772E1CC925EA00770074 /* UIView+Extension.h */ = {isa = PBXFileReference; fileEncoding = 4; lastKnownFileType = sourcecode.c.h; path = "UIView+Extension.h"; sourceTree = "<group>"; };
		3BED772F1CC925EA00770074 /* UIView+Extension.m */ = {isa = PBXFileReference; fileEncoding = 4; lastKnownFileType = sourcecode.c.objc; path = "UIView+Extension.m"; sourceTree = "<group>"; };
		3BED77311CC925EA00770074 /* YzHttpOperation.h */ = {isa = PBXFileReference; fileEncoding = 4; lastKnownFileType = sourcecode.c.h; path = YzHttpOperation.h; sourceTree = "<group>"; };
		3BED77321CC925EA00770074 /* YzHttpOperation.m */ = {isa = PBXFileReference; fileEncoding = 4; lastKnownFileType = sourcecode.c.objc; path = YzHttpOperation.m; sourceTree = "<group>"; };
		3BED77331CC925EA00770074 /* YzPrefixHeader.pch */ = {isa = PBXFileReference; fileEncoding = 4; lastKnownFileType = sourcecode.c.h; path = YzPrefixHeader.pch; sourceTree = "<group>"; };
		3BED77371CCB78DB00770074 /* YzDrawerViewController.h */ = {isa = PBXFileReference; fileEncoding = 4; lastKnownFileType = sourcecode.c.h; path = YzDrawerViewController.h; sourceTree = "<group>"; };
		3BED77381CCB78DB00770074 /* YzDrawerViewController.m */ = {isa = PBXFileReference; fileEncoding = 4; lastKnownFileType = sourcecode.c.objc; path = YzDrawerViewController.m; sourceTree = "<group>"; };
		3BEF370D1CA5826800DF219F /* DailyTreasure.app */ = {isa = PBXFileReference; explicitFileType = wrapper.application; includeInIndex = 0; path = DailyTreasure.app; sourceTree = BUILT_PRODUCTS_DIR; };
		3BEF37111CA5826800DF219F /* main.m */ = {isa = PBXFileReference; lastKnownFileType = sourcecode.c.objc; path = main.m; sourceTree = "<group>"; };
		3BEF37131CA5826800DF219F /* YzAppDelegate.h */ = {isa = PBXFileReference; lastKnownFileType = sourcecode.c.h; path = YzAppDelegate.h; sourceTree = "<group>"; };
		3BEF37141CA5826800DF219F /* YzAppDelegate.m */ = {isa = PBXFileReference; lastKnownFileType = sourcecode.c.objc; path = YzAppDelegate.m; sourceTree = "<group>"; };
		3BEF371A1CA5826800DF219F /* Base */ = {isa = PBXFileReference; lastKnownFileType = file.storyboard; name = Base; path = Base.lproj/Main.storyboard; sourceTree = "<group>"; };
		3BEF371C1CA5826800DF219F /* Assets.xcassets */ = {isa = PBXFileReference; lastKnownFileType = folder.assetcatalog; path = Assets.xcassets; sourceTree = "<group>"; };
		3BEF371F1CA5826800DF219F /* Base */ = {isa = PBXFileReference; lastKnownFileType = file.storyboard; name = Base; path = Base.lproj/LaunchScreen.storyboard; sourceTree = "<group>"; };
		3BEF37211CA5826800DF219F /* Info.plist */ = {isa = PBXFileReference; lastKnownFileType = text.plist.xml; path = Info.plist; sourceTree = "<group>"; };
		3BEF37261CA5826800DF219F /* DailyTreasureTests.xctest */ = {isa = PBXFileReference; explicitFileType = wrapper.cfbundle; includeInIndex = 0; path = DailyTreasureTests.xctest; sourceTree = BUILT_PRODUCTS_DIR; };
		3BEF372A1CA5826800DF219F /* DailyTreasureTests.m */ = {isa = PBXFileReference; lastKnownFileType = sourcecode.c.objc; path = DailyTreasureTests.m; sourceTree = "<group>"; };
		3BEF372C1CA5826800DF219F /* Info.plist */ = {isa = PBXFileReference; lastKnownFileType = text.plist.xml; path = Info.plist; sourceTree = "<group>"; };
		3BEF37311CA5826800DF219F /* DailyTreasureUITests.xctest */ = {isa = PBXFileReference; explicitFileType = wrapper.cfbundle; includeInIndex = 0; path = DailyTreasureUITests.xctest; sourceTree = BUILT_PRODUCTS_DIR; };
		3BEF37351CA5826800DF219F /* DailyTreasureUITests.m */ = {isa = PBXFileReference; lastKnownFileType = sourcecode.c.objc; path = DailyTreasureUITests.m; sourceTree = "<group>"; };
		3BEF37371CA5826800DF219F /* Info.plist */ = {isa = PBXFileReference; lastKnownFileType = text.plist.xml; path = Info.plist; sourceTree = "<group>"; };
		4F1EF17DA6E9860018A1A868 /* Pods-DailyTreasure.release.xcconfig */ = {isa = PBXFileReference; includeInIndex = 1; lastKnownFileType = text.xcconfig; name = "Pods-DailyTreasure.release.xcconfig"; path = "Pods/Target Support Files/Pods-DailyTreasure/Pods-DailyTreasure.release.xcconfig"; sourceTree = "<group>"; };
		B3BF35B3D1AD900B60049D3D /* Pods-DailyTreasure.debug.xcconfig */ = {isa = PBXFileReference; includeInIndex = 1; lastKnownFileType = text.xcconfig; name = "Pods-DailyTreasure.debug.xcconfig"; path = "Pods/Target Support Files/Pods-DailyTreasure/Pods-DailyTreasure.debug.xcconfig"; sourceTree = "<group>"; };
		D41AB6A2D68A63B2366C732D /* Pods_DailyTreasure.framework */ = {isa = PBXFileReference; explicitFileType = wrapper.framework; includeInIndex = 0; path = Pods_DailyTreasure.framework; sourceTree = BUILT_PRODUCTS_DIR; };
/* End PBXFileReference section */

/* Begin PBXFrameworksBuildPhase section */
		3BEF370A1CA5826800DF219F /* Frameworks */ = {
			isa = PBXFrameworksBuildPhase;
			buildActionMask = 2147483647;
			files = (
				90B441C6CFECDB186638C299 /* Pods_DailyTreasure.framework in Frameworks */,
			);
			runOnlyForDeploymentPostprocessing = 0;
		};
		3BEF37231CA5826800DF219F /* Frameworks */ = {
			isa = PBXFrameworksBuildPhase;
			buildActionMask = 2147483647;
			files = (
			);
			runOnlyForDeploymentPostprocessing = 0;
		};
		3BEF372E1CA5826800DF219F /* Frameworks */ = {
			isa = PBXFrameworksBuildPhase;
			buildActionMask = 2147483647;
			files = (
			);
			runOnlyForDeploymentPostprocessing = 0;
		};
/* End PBXFrameworksBuildPhase section */

/* Begin PBXGroup section */
		3B685CBE1CD74A20000290C1 /* HomeView */ = {
			isa = PBXGroup;
			children = (
				3B685CD31CD74AE1000290C1 /* Model */,
				3B685CD41CD74AE1000290C1 /* View */,
				3B685CD51CD74AE1000290C1 /* ViewController */,
				3B685CD91CD74AE1000290C1 /* ViewModel */,
			);
			path = HomeView;
			sourceTree = "<group>";
		};
		3B685CC21CD74A20000290C1 /* LeftView */ = {
			isa = PBXGroup;
			children = (
				3B685CCA1CD74ACB000290C1 /* Model */,
				3B685CCB1CD74ACB000290C1 /* View */,
				3B685CCC1CD74ACB000290C1 /* ViewController */,
				3B685CD01CD74ACB000290C1 /* ViewModel */,
			);
			path = LeftView;
			sourceTree = "<group>";
		};
		3B685CCA1CD74ACB000290C1 /* Model */ = {
			isa = PBXGroup;
			children = (
			);
			path = Model;
			sourceTree = "<group>";
		};
		3B685CCB1CD74ACB000290C1 /* View */ = {
			isa = PBXGroup;
			children = (
			);
			path = View;
			sourceTree = "<group>";
		};
		3B685CCC1CD74ACB000290C1 /* ViewController */ = {
			isa = PBXGroup;
			children = (
				3B685CCD1CD74ACB000290C1 /* YzLeftViewController.h */,
				3B685CCE1CD74ACB000290C1 /* YzLeftViewController.m */,
				3B685CCF1CD74ACB000290C1 /* YzLeftViewController.xib */,
			);
			path = ViewController;
			sourceTree = "<group>";
		};
		3B685CD01CD74ACB000290C1 /* ViewModel */ = {
			isa = PBXGroup;
			children = (
			);
			path = ViewModel;
			sourceTree = "<group>";
		};
		3B685CD31CD74AE1000290C1 /* Model */ = {
			isa = PBXGroup;
			children = (
				3B685D261CDCF8FD000290C1 /* YzHomeStoryModel.h */,
				3B685D271CDCF8FD000290C1 /* YzHomeStoryModel.m */,
				3B524A371CDE552B00FE8567 /* YzHomeSectionModel.h */,
				3B524A381CDE552B00FE8567 /* YzHomeSectionModel.m */,
			);
			path = Model;
			sourceTree = "<group>";
		};
		3B685CD41CD74AE1000290C1 /* View */ = {
			isa = PBXGroup;
			children = (
				3B685D1C1CD8F07D000290C1 /* YzCustomNavView.h */,
				3B685D1D1CD8F07D000290C1 /* YzCustomNavView.m */,
				3B685D211CD8F6BE000290C1 /* YzCustomNavView.xib */,
				3B685D291CDCF921000290C1 /* YzHomeTableViewCell.h */,
				3B685D2A1CDCF921000290C1 /* YzHomeTableViewCell.m */,
				3B685D2B1CDCF921000290C1 /* YzHomeTableViewCell.xib */,
				3BB7568E1CDF4E9B00B410C8 /* YzHomeTopStoriesView.h */,
				3BB7568F1CDF4E9B00B410C8 /* YzHomeTopStoriesView.m */,
			);
			path = View;
			sourceTree = "<group>";
		};
		3B685CD51CD74AE1000290C1 /* ViewController */ = {
			isa = PBXGroup;
			children = (
				3B685CD61CD74AE1000290C1 /* YzHomeViewController.h */,
				3B685CD71CD74AE1000290C1 /* YzHomeViewController.m */,
				3B685CD81CD74AE1000290C1 /* YzHomeViewController.xib */,
			);
			path = ViewController;
			sourceTree = "<group>";
		};
		3B685CD91CD74AE1000290C1 /* ViewModel */ = {
			isa = PBXGroup;
			children = (
				3B685D231CDCF8A6000290C1 /* YzHomeViewDataProvider.h */,
				3B685D241CDCF8A6000290C1 /* YzHomeViewDataProvider.m */,
			);
			path = ViewModel;
			sourceTree = "<group>";
		};
		3B9E11A41CB25F2300A66AC7 /* Class */ = {
			isa = PBXGroup;
			children = (
				3B685CBE1CD74A20000290C1 /* HomeView */,
				3B685CC21CD74A20000290C1 /* LeftView */,
				3BED77361CCB6D0300770074 /* Main */,
			);
			path = Class;
			sourceTree = "<group>";
		};
		3B9E11A61CB25F2300A66AC7 /* Tools */ = {
			isa = PBXGroup;
			children = (
			);
			path = Tools;
			sourceTree = "<group>";
		};
		3BED772C1CC925EA00770074 /* Common */ = {
			isa = PBXGroup;
			children = (
				3BED772D1CC925EA00770074 /* Category */,
				3BED77301CC925EA00770074 /* Http */,
				3BED77331CC925EA00770074 /* YzPrefixHeader.pch */,
				3B685D1B1CD79E83000290C1 /* YzDefineHeader.h */,
			);
			path = Common;
			sourceTree = "<group>";
		};
		3BED772D1CC925EA00770074 /* Category */ = {
			isa = PBXGroup;
			children = (
				3BED772E1CC925EA00770074 /* UIView+Extension.h */,
				3BED772F1CC925EA00770074 /* UIView+Extension.m */,
			);
			path = Category;
			sourceTree = "<group>";
		};
		3BED77301CC925EA00770074 /* Http */ = {
			isa = PBXGroup;
			children = (
				3BED77311CC925EA00770074 /* YzHttpOperation.h */,
				3BED77321CC925EA00770074 /* YzHttpOperation.m */,
			);
			path = Http;
			sourceTree = "<group>";
		};
		3BED77361CCB6D0300770074 /* Main */ = {
			isa = PBXGroup;
			children = (
				3BED77371CCB78DB00770074 /* YzDrawerViewController.h */,
				3BED77381CCB78DB00770074 /* YzDrawerViewController.m */,
			);
			path = Main;
			sourceTree = "<group>";
		};
		3BEF37041CA5826800DF219F = {
			isa = PBXGroup;
			children = (
				3BEF370F1CA5826800DF219F /* DailyTreasure */,
				3BEF37291CA5826800DF219F /* DailyTreasureTests */,
				3BEF37341CA5826800DF219F /* DailyTreasureUITests */,
				3BEF370E1CA5826800DF219F /* Products */,
				5565B039CF5081A99EEE88F5 /* Pods */,
				45D21966B6AD6C52D5FFDF6F /* Frameworks */,
			);
			sourceTree = "<group>";
		};
		3BEF370E1CA5826800DF219F /* Products */ = {
			isa = PBXGroup;
			children = (
				3BEF370D1CA5826800DF219F /* DailyTreasure.app */,
				3BEF37261CA5826800DF219F /* DailyTreasureTests.xctest */,
				3BEF37311CA5826800DF219F /* DailyTreasureUITests.xctest */,
			);
			name = Products;
			sourceTree = "<group>";
		};
		3BEF370F1CA5826800DF219F /* DailyTreasure */ = {
			isa = PBXGroup;
			children = (
				3B9E11A41CB25F2300A66AC7 /* Class */,
				3BED772C1CC925EA00770074 /* Common */,
				3B9E11A61CB25F2300A66AC7 /* Tools */,
				3BEF37101CA5826800DF219F /* Supporting Files */,
			);
			path = DailyTreasure;
			sourceTree = "<group>";
		};
		3BEF37101CA5826800DF219F /* Supporting Files */ = {
			isa = PBXGroup;
			children = (
				3BEF37131CA5826800DF219F /* YzAppDelegate.h */,
				3BEF37141CA5826800DF219F /* YzAppDelegate.m */,
				3BEF37191CA5826800DF219F /* Main.storyboard */,
				3BEF371C1CA5826800DF219F /* Assets.xcassets */,
				3BEF371E1CA5826800DF219F /* LaunchScreen.storyboard */,
				3BEF37211CA5826800DF219F /* Info.plist */,
				3BEF37111CA5826800DF219F /* main.m */,
				3B81A6991CCCD60A000AE377 /* Default@2x.png */,
			);
			name = "Supporting Files";
			sourceTree = "<group>";
		};
		3BEF37291CA5826800DF219F /* DailyTreasureTests */ = {
			isa = PBXGroup;
			children = (
				3BEF372A1CA5826800DF219F /* DailyTreasureTests.m */,
				3BEF372C1CA5826800DF219F /* Info.plist */,
			);
			path = DailyTreasureTests;
			sourceTree = "<group>";
		};
		3BEF37341CA5826800DF219F /* DailyTreasureUITests */ = {
			isa = PBXGroup;
			children = (
				3BEF37351CA5826800DF219F /* DailyTreasureUITests.m */,
				3BEF37371CA5826800DF219F /* Info.plist */,
			);
			path = DailyTreasureUITests;
			sourceTree = "<group>";
		};
		45D21966B6AD6C52D5FFDF6F /* Frameworks */ = {
			isa = PBXGroup;
			children = (
				D41AB6A2D68A63B2366C732D /* Pods_DailyTreasure.framework */,
			);
			name = Frameworks;
			sourceTree = "<group>";
		};
		5565B039CF5081A99EEE88F5 /* Pods */ = {
			isa = PBXGroup;
			children = (
				B3BF35B3D1AD900B60049D3D /* Pods-DailyTreasure.debug.xcconfig */,
				4F1EF17DA6E9860018A1A868 /* Pods-DailyTreasure.release.xcconfig */,
			);
			name = Pods;
			sourceTree = "<group>";
		};
/* End PBXGroup section */

/* Begin PBXNativeTarget section */
		3BEF370C1CA5826800DF219F /* DailyTreasure */ = {
			isa = PBXNativeTarget;
			buildConfigurationList = 3BEF373A1CA5826800DF219F /* Build configuration list for PBXNativeTarget "DailyTreasure" */;
			buildPhases = (
				10F471B7E0803718537D73AA /* Check Pods Manifest.lock */,
				3BEF37091CA5826800DF219F /* Sources */,
				3BEF370A1CA5826800DF219F /* Frameworks */,
				3BEF370B1CA5826800DF219F /* Resources */,
				BBE9EAC495C70B8274C85FF7 /* Embed Pods Frameworks */,
				2018344E94AA6DC657CAE76B /* Copy Pods Resources */,
			);
			buildRules = (
			);
			dependencies = (
			);
			name = DailyTreasure;
			productName = DailyTreasure;
			productReference = 3BEF370D1CA5826800DF219F /* DailyTreasure.app */;
			productType = "com.apple.product-type.application";
		};
		3BEF37251CA5826800DF219F /* DailyTreasureTests */ = {
			isa = PBXNativeTarget;
			buildConfigurationList = 3BEF373D1CA5826800DF219F /* Build configuration list for PBXNativeTarget "DailyTreasureTests" */;
			buildPhases = (
				3BEF37221CA5826800DF219F /* Sources */,
				3BEF37231CA5826800DF219F /* Frameworks */,
				3BEF37241CA5826800DF219F /* Resources */,
			);
			buildRules = (
			);
			dependencies = (
				3BEF37281CA5826800DF219F /* PBXTargetDependency */,
			);
			name = DailyTreasureTests;
			productName = DailyTreasureTests;
			productReference = 3BEF37261CA5826800DF219F /* DailyTreasureTests.xctest */;
			productType = "com.apple.product-type.bundle.unit-test";
		};
		3BEF37301CA5826800DF219F /* DailyTreasureUITests */ = {
			isa = PBXNativeTarget;
			buildConfigurationList = 3BEF37401CA5826800DF219F /* Build configuration list for PBXNativeTarget "DailyTreasureUITests" */;
			buildPhases = (
				3BEF372D1CA5826800DF219F /* Sources */,
				3BEF372E1CA5826800DF219F /* Frameworks */,
				3BEF372F1CA5826800DF219F /* Resources */,
			);
			buildRules = (
			);
			dependencies = (
				3BEF37331CA5826800DF219F /* PBXTargetDependency */,
			);
			name = DailyTreasureUITests;
			productName = DailyTreasureUITests;
			productReference = 3BEF37311CA5826800DF219F /* DailyTreasureUITests.xctest */;
			productType = "com.apple.product-type.bundle.ui-testing";
		};
/* End PBXNativeTarget section */

/* Begin PBXProject section */
		3BEF37051CA5826800DF219F /* Project object */ = {
			isa = PBXProject;
			attributes = {
				CLASSPREFIX = Yz;
				LastUpgradeCheck = 0720;
				ORGANIZATIONNAME = Yuz;
				TargetAttributes = {
					3BEF370C1CA5826800DF219F = {
						CreatedOnToolsVersion = 7.2.1;
					};
					3BEF37251CA5826800DF219F = {
						CreatedOnToolsVersion = 7.2.1;
						TestTargetID = 3BEF370C1CA5826800DF219F;
					};
					3BEF37301CA5826800DF219F = {
						CreatedOnToolsVersion = 7.2.1;
						TestTargetID = 3BEF370C1CA5826800DF219F;
					};
				};
			};
			buildConfigurationList = 3BEF37081CA5826800DF219F /* Build configuration list for PBXProject "DailyTreasure" */;
			compatibilityVersion = "Xcode 3.2";
			developmentRegion = English;
			hasScannedForEncodings = 0;
			knownRegions = (
				en,
				Base,
			);
			mainGroup = 3BEF37041CA5826800DF219F;
			productRefGroup = 3BEF370E1CA5826800DF219F /* Products */;
			projectDirPath = "";
			projectRoot = "";
			targets = (
				3BEF370C1CA5826800DF219F /* DailyTreasure */,
				3BEF37251CA5826800DF219F /* DailyTreasureTests */,
				3BEF37301CA5826800DF219F /* DailyTreasureUITests */,
			);
		};
/* End PBXProject section */

/* Begin PBXResourcesBuildPhase section */
		3BEF370B1CA5826800DF219F /* Resources */ = {
			isa = PBXResourcesBuildPhase;
			buildActionMask = 2147483647;
			files = (
				3B685CDB1CD74AE1000290C1 /* YzHomeViewController.xib in Resources */,
				3B685CD21CD74ACB000290C1 /* YzLeftViewController.xib in Resources */,
				3B81A69A1CCCD60A000AE377 /* Default@2x.png in Resources */,
				3B685D221CD8F6BE000290C1 /* YzCustomNavView.xib in Resources */,
				3BEF37201CA5826800DF219F /* LaunchScreen.storyboard in Resources */,
				3BEF371D1CA5826800DF219F /* Assets.xcassets in Resources */,
				3BEF371B1CA5826800DF219F /* Main.storyboard in Resources */,
				3B685D2D1CDCF921000290C1 /* YzHomeTableViewCell.xib in Resources */,
			);
			runOnlyForDeploymentPostprocessing = 0;
		};
		3BEF37241CA5826800DF219F /* Resources */ = {
			isa = PBXResourcesBuildPhase;
			buildActionMask = 2147483647;
			files = (
			);
			runOnlyForDeploymentPostprocessing = 0;
		};
		3BEF372F1CA5826800DF219F /* Resources */ = {
			isa = PBXResourcesBuildPhase;
			buildActionMask = 2147483647;
			files = (
			);
			runOnlyForDeploymentPostprocessing = 0;
		};
/* End PBXResourcesBuildPhase section */

/* Begin PBXShellScriptBuildPhase section */
		10F471B7E0803718537D73AA /* Check Pods Manifest.lock */ = {
			isa = PBXShellScriptBuildPhase;
			buildActionMask = 2147483647;
			files = (
			);
			inputPaths = (
			);
			name = "Check Pods Manifest.lock";
			outputPaths = (
			);
			runOnlyForDeploymentPostprocessing = 0;
			shellPath = /bin/sh;
			shellScript = "diff \"${PODS_ROOT}/../Podfile.lock\" \"${PODS_ROOT}/Manifest.lock\" > /dev/null\nif [[ $? != 0 ]] ; then\n    cat << EOM\nerror: The sandbox is not in sync with the Podfile.lock. Run 'pod install' or update your CocoaPods installation.\nEOM\n    exit 1\nfi\n";
			showEnvVarsInLog = 0;
		};
		2018344E94AA6DC657CAE76B /* Copy Pods Resources */ = {
			isa = PBXShellScriptBuildPhase;
			buildActionMask = 2147483647;
			files = (
			);
			inputPaths = (
			);
			name = "Copy Pods Resources";
			outputPaths = (
			);
			runOnlyForDeploymentPostprocessing = 0;
			shellPath = /bin/sh;
			shellScript = "\"${SRCROOT}/Pods/Target Support Files/Pods-DailyTreasure/Pods-DailyTreasure-resources.sh\"\n";
			showEnvVarsInLog = 0;
		};
		BBE9EAC495C70B8274C85FF7 /* Embed Pods Frameworks */ = {
			isa = PBXShellScriptBuildPhase;
			buildActionMask = 2147483647;
			files = (
			);
			inputPaths = (
			);
			name = "Embed Pods Frameworks";
			outputPaths = (
			);
			runOnlyForDeploymentPostprocessing = 0;
			shellPath = /bin/sh;
			shellScript = "\"${SRCROOT}/Pods/Target Support Files/Pods-DailyTreasure/Pods-DailyTreasure-frameworks.sh\"\n";
			showEnvVarsInLog = 0;
		};
/* End PBXShellScriptBuildPhase section */

/* Begin PBXSourcesBuildPhase section */
		3BEF37091CA5826800DF219F /* Sources */ = {
			isa = PBXSourcesBuildPhase;
			buildActionMask = 2147483647;
			files = (
				3B685D251CDCF8A6000290C1 /* YzHomeViewDataProvider.m in Sources */,
				3B685D281CDCF8FD000290C1 /* YzHomeStoryModel.m in Sources */,
				3BED77351CC925EA00770074 /* YzHttpOperation.m in Sources */,
				3BED77391CCB78DB00770074 /* YzDrawerViewController.m in Sources */,
				3B685D2C1CDCF921000290C1 /* YzHomeTableViewCell.m in Sources */,
				3B524A391CDE552B00FE8567 /* YzHomeSectionModel.m in Sources */,
				3BB756901CDF4E9B00B410C8 /* YzHomeTopStoriesView.m in Sources */,
				3BED77341CC925EA00770074 /* UIView+Extension.m in Sources */,
				3BEF37151CA5826800DF219F /* YzAppDelegate.m in Sources */,
				3B685D1E1CD8F07D000290C1 /* YzCustomNavView.m in Sources */,
				3B685CD11CD74ACB000290C1 /* YzLeftViewController.m in Sources */,
				3BEF37121CA5826800DF219F /* main.m in Sources */,
				3B685CDA1CD74AE1000290C1 /* YzHomeViewController.m in Sources */,
			);
			runOnlyForDeploymentPostprocessing = 0;
		};
		3BEF37221CA5826800DF219F /* Sources */ = {
			isa = PBXSourcesBuildPhase;
			buildActionMask = 2147483647;
			files = (
				3BEF372B1CA5826800DF219F /* DailyTreasureTests.m in Sources */,
			);
			runOnlyForDeploymentPostprocessing = 0;
		};
		3BEF372D1CA5826800DF219F /* Sources */ = {
			isa = PBXSourcesBuildPhase;
			buildActionMask = 2147483647;
			files = (
				3BEF37361CA5826800DF219F /* DailyTreasureUITests.m in Sources */,
			);
			runOnlyForDeploymentPostprocessing = 0;
		};
/* End PBXSourcesBuildPhase section */

/* Begin PBXTargetDependency section */
		3BEF37281CA5826800DF219F /* PBXTargetDependency */ = {
			isa = PBXTargetDependency;
			target = 3BEF370C1CA5826800DF219F /* DailyTreasure */;
			targetProxy = 3BEF37271CA5826800DF219F /* PBXContainerItemProxy */;
		};
		3BEF37331CA5826800DF219F /* PBXTargetDependency */ = {
			isa = PBXTargetDependency;
			target = 3BEF370C1CA5826800DF219F /* DailyTreasure */;
			targetProxy = 3BEF37321CA5826800DF219F /* PBXContainerItemProxy */;
		};
/* End PBXTargetDependency section */

/* Begin PBXVariantGroup section */
		3BEF37191CA5826800DF219F /* Main.storyboard */ = {
			isa = PBXVariantGroup;
			children = (
				3BEF371A1CA5826800DF219F /* Base */,
			);
			name = Main.storyboard;
			sourceTree = "<group>";
		};
		3BEF371E1CA5826800DF219F /* LaunchScreen.storyboard */ = {
			isa = PBXVariantGroup;
			children = (
				3BEF371F1CA5826800DF219F /* Base */,
			);
			name = LaunchScreen.storyboard;
			sourceTree = "<group>";
		};
/* End PBXVariantGroup section */

/* Begin XCBuildConfiguration section */
		3BEF37381CA5826800DF219F /* Debug */ = {
			isa = XCBuildConfiguration;
			buildSettings = {
				ALWAYS_SEARCH_USER_PATHS = NO;
				CLANG_CXX_LANGUAGE_STANDARD = "gnu++0x";
				CLANG_CXX_LIBRARY = "libc++";
				CLANG_ENABLE_MODULES = YES;
				CLANG_ENABLE_OBJC_ARC = YES;
				CLANG_WARN_BOOL_CONVERSION = YES;
				CLANG_WARN_CONSTANT_CONVERSION = YES;
				CLANG_WARN_DIRECT_OBJC_ISA_USAGE = YES_ERROR;
				CLANG_WARN_EMPTY_BODY = YES;
				CLANG_WARN_ENUM_CONVERSION = YES;
				CLANG_WARN_INT_CONVERSION = YES;
				CLANG_WARN_OBJC_ROOT_CLASS = YES_ERROR;
				CLANG_WARN_UNREACHABLE_CODE = YES;
				CLANG_WARN__DUPLICATE_METHOD_MATCH = YES;
				"CODE_SIGN_IDENTITY[sdk=iphoneos*]" = "iPhone Developer";
				COPY_PHASE_STRIP = NO;
				DEBUG_INFORMATION_FORMAT = dwarf;
				ENABLE_STRICT_OBJC_MSGSEND = YES;
				ENABLE_TESTABILITY = YES;
				GCC_C_LANGUAGE_STANDARD = gnu99;
				GCC_DYNAMIC_NO_PIC = NO;
				GCC_NO_COMMON_BLOCKS = YES;
				GCC_OPTIMIZATION_LEVEL = 0;
				GCC_PREPROCESSOR_DEFINITIONS = (
					"DEBUG=1",
					"$(inherited)",
				);
				GCC_WARN_64_TO_32_BIT_CONVERSION = YES;
				GCC_WARN_ABOUT_RETURN_TYPE = YES_ERROR;
				GCC_WARN_UNDECLARED_SELECTOR = YES;
				GCC_WARN_UNINITIALIZED_AUTOS = YES_AGGRESSIVE;
				GCC_WARN_UNUSED_FUNCTION = YES;
				GCC_WARN_UNUSED_VARIABLE = YES;
				IPHONEOS_DEPLOYMENT_TARGET = 9.2;
				MTL_ENABLE_DEBUG_INFO = YES;
				ONLY_ACTIVE_ARCH = YES;
				SDKROOT = iphoneos;
				TARGETED_DEVICE_FAMILY = "1,2";
			};
			name = Debug;
		};
		3BEF37391CA5826800DF219F /* Release */ = {
			isa = XCBuildConfiguration;
			buildSettings = {
				ALWAYS_SEARCH_USER_PATHS = NO;
				CLANG_CXX_LANGUAGE_STANDARD = "gnu++0x";
				CLANG_CXX_LIBRARY = "libc++";
				CLANG_ENABLE_MODULES = YES;
				CLANG_ENABLE_OBJC_ARC = YES;
				CLANG_WARN_BOOL_CONVERSION = YES;
				CLANG_WARN_CONSTANT_CONVERSION = YES;
				CLANG_WARN_DIRECT_OBJC_ISA_USAGE = YES_ERROR;
				CLANG_WARN_EMPTY_BODY = YES;
				CLANG_WARN_ENUM_CONVERSION = YES;
				CLANG_WARN_INT_CONVERSION = YES;
				CLANG_WARN_OBJC_ROOT_CLASS = YES_ERROR;
				CLANG_WARN_UNREACHABLE_CODE = YES;
				CLANG_WARN__DUPLICATE_METHOD_MATCH = YES;
				"CODE_SIGN_IDENTITY[sdk=iphoneos*]" = "iPhone Developer";
				COPY_PHASE_STRIP = NO;
				DEBUG_INFORMATION_FORMAT = "dwarf-with-dsym";
				ENABLE_NS_ASSERTIONS = NO;
				ENABLE_STRICT_OBJC_MSGSEND = YES;
				GCC_C_LANGUAGE_STANDARD = gnu99;
				GCC_NO_COMMON_BLOCKS = YES;
				GCC_WARN_64_TO_32_BIT_CONVERSION = YES;
				GCC_WARN_ABOUT_RETURN_TYPE = YES_ERROR;
				GCC_WARN_UNDECLARED_SELECTOR = YES;
				GCC_WARN_UNINITIALIZED_AUTOS = YES_AGGRESSIVE;
				GCC_WARN_UNUSED_FUNCTION = YES;
				GCC_WARN_UNUSED_VARIABLE = YES;
				IPHONEOS_DEPLOYMENT_TARGET = 9.2;
				MTL_ENABLE_DEBUG_INFO = NO;
				SDKROOT = iphoneos;
				TARGETED_DEVICE_FAMILY = "1,2";
				VALIDATE_PRODUCT = YES;
			};
			name = Release;
		};
		3BEF373B1CA5826800DF219F /* Debug */ = {
			isa = XCBuildConfiguration;
			baseConfigurationReference = B3BF35B3D1AD900B60049D3D /* Pods-DailyTreasure.debug.xcconfig */;
			buildSettings = {
				ASSETCATALOG_COMPILER_APPICON_NAME = AppIcon;
				CODE_SIGN_IDENTITY = "iPhone Developer";
				GCC_PRECOMPILE_PREFIX_HEADER = NO;
				GCC_PREFIX_HEADER = "$(SRCROOT)/DailyTreasure/Common/YzPrefixHeader.pch";
				INFOPLIST_FILE = DailyTreasure/Info.plist;
				IPHONEOS_DEPLOYMENT_TARGET = 8.0;
				LD_RUNPATH_SEARCH_PATHS = "$(inherited) @executable_path/Frameworks";
				PRODUCT_BUNDLE_IDENTIFIER = com.Yz.DailyTreasure;
				PRODUCT_NAME = "$(TARGET_NAME)";
				PROVISIONING_PROFILE = "";
				TARGETED_DEVICE_FAMILY = 1;
			};
			name = Debug;
		};
		3BEF373C1CA5826800DF219F /* Release */ = {
			isa = XCBuildConfiguration;
			baseConfigurationReference = 4F1EF17DA6E9860018A1A868 /* Pods-DailyTreasure.release.xcconfig */;
			buildSettings = {
				ASSETCATALOG_COMPILER_APPICON_NAME = AppIcon;
				CODE_SIGN_IDENTITY = "iPhone Developer";
				GCC_PRECOMPILE_PREFIX_HEADER = NO;
				GCC_PREFIX_HEADER = "$(SRCROOT)/DailyTreasure/Common/YzPrefixHeader.pch";
				INFOPLIST_FILE = DailyTreasure/Info.plist;
				IPHONEOS_DEPLOYMENT_TARGET = 8.0;
				LD_RUNPATH_SEARCH_PATHS = "$(inherited) @executable_path/Frameworks";
				PRODUCT_BUNDLE_IDENTIFIER = com.Yz.DailyTreasure;
				PRODUCT_NAME = "$(TARGET_NAME)";
				PROVISIONING_PROFILE = "";
				TARGETED_DEVICE_FAMILY = 1;
			};
			name = Release;
		};
		3BEF373E1CA5826800DF219F /* Debug */ = {
			isa = XCBuildConfiguration;
			buildSettings = {
				BUNDLE_LOADER = "$(TEST_HOST)";
				INFOPLIST_FILE = DailyTreasureTests/Info.plist;
				LD_RUNPATH_SEARCH_PATHS = "$(inherited) @executable_path/Frameworks @loader_path/Frameworks";
				PRODUCT_BUNDLE_IDENTIFIER = com.Yz.DailyTreasureTests;
				PRODUCT_NAME = "$(TARGET_NAME)";
				TEST_HOST = "$(BUILT_PRODUCTS_DIR)/DailyTreasure.app/DailyTreasure";
			};
			name = Debug;
		};
		3BEF373F1CA5826800DF219F /* Release */ = {
			isa = XCBuildConfiguration;
			buildSettings = {
				BUNDLE_LOADER = "$(TEST_HOST)";
				INFOPLIST_FILE = DailyTreasureTests/Info.plist;
				LD_RUNPATH_SEARCH_PATHS = "$(inherited) @executable_path/Frameworks @loader_path/Frameworks";
				PRODUCT_BUNDLE_IDENTIFIER = com.Yz.DailyTreasureTests;
				PRODUCT_NAME = "$(TARGET_NAME)";
				TEST_HOST = "$(BUILT_PRODUCTS_DIR)/DailyTreasure.app/DailyTreasure";
			};
			name = Release;
		};
		3BEF37411CA5826800DF219F /* Debug */ = {
			isa = XCBuildConfiguration;
			buildSettings = {
				INFOPLIST_FILE = DailyTreasureUITests/Info.plist;
				LD_RUNPATH_SEARCH_PATHS = "$(inherited) @executable_path/Frameworks @loader_path/Frameworks";
				PRODUCT_BUNDLE_IDENTIFIER = com.Yz.DailyTreasureUITests;
				PRODUCT_NAME = "$(TARGET_NAME)";
				TEST_TARGET_NAME = DailyTreasure;
				USES_XCTRUNNER = YES;
			};
			name = Debug;
		};
		3BEF37421CA5826800DF219F /* Release */ = {
			isa = XCBuildConfiguration;
			buildSettings = {
				INFOPLIST_FILE = DailyTreasureUITests/Info.plist;
				LD_RUNPATH_SEARCH_PATHS = "$(inherited) @executable_path/Frameworks @loader_path/Frameworks";
				PRODUCT_BUNDLE_IDENTIFIER = com.Yz.DailyTreasureUITests;
				PRODUCT_NAME = "$(TARGET_NAME)";
				TEST_TARGET_NAME = DailyTreasure;
				USES_XCTRUNNER = YES;
			};
			name = Release;
		};
/* End XCBuildConfiguration section */

/* Begin XCConfigurationList section */
		3BEF37081CA5826800DF219F /* Build configuration list for PBXProject "DailyTreasure" */ = {
			isa = XCConfigurationList;
			buildConfigurations = (
				3BEF37381CA5826800DF219F /* Debug */,
				3BEF37391CA5826800DF219F /* Release */,
			);
			defaultConfigurationIsVisible = 0;
			defaultConfigurationName = Release;
		};
		3BEF373A1CA5826800DF219F /* Build configuration list for PBXNativeTarget "DailyTreasure" */ = {
			isa = XCConfigurationList;
			buildConfigurations = (
				3BEF373B1CA5826800DF219F /* Debug */,
				3BEF373C1CA5826800DF219F /* Release */,
			);
			defaultConfigurationIsVisible = 0;
			defaultConfigurationName = Release;
		};
		3BEF373D1CA5826800DF219F /* Build configuration list for PBXNativeTarget "DailyTreasureTests" */ = {
			isa = XCConfigurationList;
			buildConfigurations = (
				3BEF373E1CA5826800DF219F /* Debug */,
				3BEF373F1CA5826800DF219F /* Release */,
			);
			defaultConfigurationIsVisible = 0;
			defaultConfigurationName = Release;
		};
		3BEF37401CA5826800DF219F /* Build configuration list for PBXNativeTarget "DailyTreasureUITests" */ = {
			isa = XCConfigurationList;
			buildConfigurations = (
				3BEF37411CA5826800DF219F /* Debug */,
				3BEF37421CA5826800DF219F /* Release */,
			);
			defaultConfigurationIsVisible = 0;
			defaultConfigurationName = Release;
		};
/* End XCConfigurationList section */
	};
	rootObject = 3BEF37051CA5826800DF219F /* Project object */;
}
